Microsoft Visual Studio Solution File, Format Version 12.00
# Visual Studio Version 17
VisualStudioVersion = 17.5.2.0
MinimumVisualStudioVersion = 10.0.40219.1
Project("{FAE04EC0-301F-11D3-BF4B-00C04F79EFBC}") = "mealmentorai", "mealmentorai\mealmentorai.csproj", "{310CC4EC-DC9B-8F43-0D1F-21AA08FBB5D0}"
EndProject
Global
	GlobalSection(SolutionConfigurationPlatforms) = preSolution
		Debug|Any CPU = Debug|Any CPU
		Release|Any CPU = Release|Any CPU
	EndGlobalSection
	GlobalSection(ProjectConfigurationPlatforms) = postSolution
		{310CC4EC-DC9B-8F43-0D1F-21AA08FBB5D0}.Debug|Any CPU.ActiveCfg = Debug|Any CPU
		{310CC4EC-DC9B-8F43-0D1F-21AA08FBB5D0}.Debug|Any CPU.Build.0 = Debug|Any CPU
		{310CC4EC-DC9B-8F43-0D1F-21AA08FBB5D0}.Release|Any CPU.ActiveCfg = Release|Any CPU
		{310CC4EC-DC9B-8F43-0D1F-21AA08FBB5D0}.Release|Any CPU.Build.0 = Release|Any CPU
	EndGlobalSection
	GlobalSection(SolutionProperties) = preSolution
		HideSolutionNode = FALSE
	EndGlobalSection
	GlobalSection(ExtensibilityGlobals) = postSolution
		SolutionGuid = {73BB4C05-9979-4304-B4BB-B6A0E3F738AE}
	EndGlobalSection
EndGlobal
